{
  "requires": true,
  "lockfileVersion": 1,
  "dependencies": {
    "vue-router": {
      "version": "3.4.5",
      "resolved": "https://registry.npmjs.org/vue-router/-/vue-router-3.4.5.tgz",
      "integrity": "sha512-ioRY5QyDpXM9TDjOX6hX79gtaMXSVDDzSlbIlyAmbHNteIL81WIVB2e+jbzV23vzxtoV0krdS2XHm+GxFg+Nxg=="
    }
  }
}
